
Microsoft Visual Studio Solution File, Format Version 12.00
# Visual Studio Version 17
VisualStudioVersion = 17.7.34018.315
MinimumVisualStudioVersion = 10.0.40219.1
Project("{FAE04EC0-301F-11D3-BF4B-00C04F79EFBC}") = "ElektronskiRecnik", "ElektronskiRecnik\ElektronskiRecnik.csproj", "{B24E436E-00AC-4A23-8E93-42B2C8BC8A25}"
EndProject
Global
	GlobalSection(SolutionConfigurationPlatforms) = preSolution
		Debug|Any CPU = Debug|Any CPU
		Release|Any CPU = Release|Any CPU
	EndGlobalSection
	GlobalSection(ProjectConfigurationPlatforms) = postSolution
		{B24E436E-00AC-4A23-8E93-42B2C8BC8A25}.Debug|Any CPU.ActiveCfg = Debug|Any CPU
		{B24E436E-00AC-4A23-8E93-42B2C8BC8A25}.Debug|Any CPU.Build.0 = Debug|Any CPU
		{B24E436E-00AC-4A23-8E93-42B2C8BC8A25}.Release|Any CPU.ActiveCfg = Release|Any CPU
		{B24E436E-00AC-4A23-8E93-42B2C8BC8A25}.Release|Any CPU.Build.0 = Release|Any CPU
	EndGlobalSection
	GlobalSection(SolutionProperties) = preSolution
		HideSolutionNode = FALSE
	EndGlobalSection
	GlobalSection(ExtensibilityGlobals) = postSolution
		SolutionGuid = {1AC9D76D-8A09-4339-8ADC-FE60A4986C8E}
	EndGlobalSection
EndGlobal
